Microsoft Visual Studio Solution File, Format Version 12.00
# Visual Studio Version 17
VisualStudioVersion = 17.5.2.0
MinimumVisualStudioVersion = 10.0.40219.1
Project("{FAE04EC0-301F-11D3-BF4B-00C04F79EFBC}") = "codeBlockExercise", "codeBlockExercise.csproj", "{EB4A2459-049A-1645-0646-48511E976B1C}"
EndProject
Global
	GlobalSection(SolutionConfigurationPlatforms) = preSolution
		Debug|Any CPU = Debug|Any CPU
		Release|Any CPU = Release|Any CPU
	EndGlobalSection
	GlobalSection(ProjectConfigurationPlatforms) = postSolution
		{EB4A2459-049A-1645-0646-48511E976B1C}.Debug|Any CPU.ActiveCfg = Debug|Any CPU
		{EB4A2459-049A-1645-0646-48511E976B1C}.Debug|Any CPU.Build.0 = Debug|Any CPU
		{EB4A2459-049A-1645-0646-48511E976B1C}.Release|Any CPU.ActiveCfg = Release|Any CPU
		{EB4A2459-049A-1645-0646-48511E976B1C}.Release|Any CPU.Build.0 = Release|Any CPU
	EndGlobalSection
	GlobalSection(SolutionProperties) = preSolution
		HideSolutionNode = FALSE
	EndGlobalSection
	GlobalSection(ExtensibilityGlobals) = postSolution
		SolutionGuid = {2EA04E84-2F14-46E1-8BFF-FB62DE7723EF}
	EndGlobalSection
EndGlobal
