Microsoft Visual Studio Solution File, Format Version 12.00
# Visual Studio Version 17
VisualStudioVersion = 17.5.2.0
MinimumVisualStudioVersion = 10.0.40219.1
Project("{FAE04EC0-301F-11D3-BF4B-00C04F79EFBC}") = "array-operations", "array-operations.csproj", "{60585421-B8A4-9424-6194-2ECAABF830BA}"
EndProject
Global
	GlobalSection(SolutionConfigurationPlatforms) = preSolution
		Debug|Any CPU = Debug|Any CPU
		Release|Any CPU = Release|Any CPU
	EndGlobalSection
	GlobalSection(ProjectConfigurationPlatforms) = postSolution
		{60585421-B8A4-9424-6194-2ECAABF830BA}.Debug|Any CPU.ActiveCfg = Debug|Any CPU
		{60585421-B8A4-9424-6194-2ECAABF830BA}.Debug|Any CPU.Build.0 = Debug|Any CPU
		{60585421-B8A4-9424-6194-2ECAABF830BA}.Release|Any CPU.ActiveCfg = Release|Any CPU
		{60585421-B8A4-9424-6194-2ECAABF830BA}.Release|Any CPU.Build.0 = Release|Any CPU
	EndGlobalSection
	GlobalSection(SolutionProperties) = preSolution
		HideSolutionNode = FALSE
	EndGlobalSection
	GlobalSection(ExtensibilityGlobals) = postSolution
		SolutionGuid = {1FDD2DBB-2C9D-4C17-8838-2F06A48AB002}
	EndGlobalSection
EndGlobal
