Microsoft Visual Studio Solution File, Format Version 12.00
# Visual Studio Version 17
VisualStudioVersion = 17.5.2.0
MinimumVisualStudioVersion = 10.0.40219.1
Project("{FAE04EC0-301F-11D3-BF4B-00C04F79EFBC}") = "estruturas_de_ramificacao_loop", "estruturas_de_ramificacao_loop.csproj", "{5B8C3D4C-C3C7-4E0B-5211-F984E9B9EF25}"
EndProject
Global
	GlobalSection(SolutionConfigurationPlatforms) = preSolution
		Debug|Any CPU = Debug|Any CPU
		Release|Any CPU = Release|Any CPU
	EndGlobalSection
	GlobalSection(ProjectConfigurationPlatforms) = postSolution
		{5B8C3D4C-C3C7-4E0B-5211-F984E9B9EF25}.Debug|Any CPU.ActiveCfg = Debug|Any CPU
		{5B8C3D4C-C3C7-4E0B-5211-F984E9B9EF25}.Debug|Any CPU.Build.0 = Debug|Any CPU
		{5B8C3D4C-C3C7-4E0B-5211-F984E9B9EF25}.Release|Any CPU.ActiveCfg = Release|Any CPU
		{5B8C3D4C-C3C7-4E0B-5211-F984E9B9EF25}.Release|Any CPU.Build.0 = Release|Any CPU
	EndGlobalSection
	GlobalSection(SolutionProperties) = preSolution
		HideSolutionNode = FALSE
	EndGlobalSection
	GlobalSection(ExtensibilityGlobals) = postSolution
		SolutionGuid = {844AE7D3-4C01-430C-9178-0C768360A72E}
	EndGlobalSection
EndGlobal
